lockfileVersion: 5.3

specifiers:
  '@types/nearley': ^2.11.2
  '@types/node': ^17.0.10
  esbuild: ^0.14.10
  nearley: ^2.20.1
  rimraf: ^3.0.2
  typescript: ^4.5.5

devDependencies:
  '@types/nearley': 2.11.2
  '@types/node': 17.0.10
  esbuild: 0.14.12
  nearley: 2.20.1
  rimraf: 3.0.2
  typescript: 4.5.5

packages:

  /@types/nearley/2.11.2:
    resolution: {integrity: sha512-jeyIDNBxxyWyEk6HemDC+t32b4fxthVsgWDxf88qD2WpX0QpOyY8JvA80AElPTBGRUsO0EKnr6OeVOjK3ZDdnA==}
    dev: true

  /@types/node/17.0.10:
    resolution: {integrity: sha512-S/3xB4KzyFxYGCppyDt68yzBU9ysL88lSdIah4D6cptdcltc4NCPCAMc0+PCpg/lLIyC7IPvj2Z52OJWeIUkog==}
    dev: true

  /balanced-match/1.0.2:
    resolution: {integrity: sha512-3oSeUO0TMV67hN1AmbXsK4yaqU7tjiHlbxRDZOpH0KW9+CeX4bRAaX0Anxt0tx2MrpRpWwQaPwIlISEJhYU5Pw==}
    dev: true

  /brace-expansion/1.1.11:
    resolution: {integrity: sha512-iCuPHDFgrHX7H2vEI/5xpz07zSHB00TpugqhmYtVmMO6518mCuRMoOYFldEBl0g187ufozdaHgWKcYFb61qGiA==}
    dependencies:
      balanced-match: 1.0.2
      concat-map: 0.0.1
    dev: true

  /commander/2.20.3:
    resolution: {integrity: sha512-GpVkmM8vF2vQUkj2LvZmD35JxeJOLCwJ9cUkugyk2nuhbv3+mJvpLYYt+0+USMxE+oj+ey/lJEnhZw75x/OMcQ==}
    dev: true

  /concat-map/0.0.1:
    resolution: {integrity: sha1-2Klr13/Wjfd5OnMDajug1UBdR3s=}
    dev: true

  /discontinuous-range/1.0.0:
    resolution: {integrity: sha1-44Mx8IRLukm5qctxx3FYWqsbxlo=}
    dev: true

  /esbuild-android-arm64/0.14.12:
    resolution: {integrity: sha512-eO4JHwnTeJq1/xC9K0FdHNEYztwT0HaWHnOzR5kXKwJxHatxDNZ+lCHOSxMzh9uVSmnA8YwdSiXPWbwTlWZVrw==}
    cpu: [arm64]
    os: [android]
    requiresBuild: true
    dev: true
    optional: true

  /esbuild-darwin-64/0.14.12:
    resolution: {integrity: sha512-LyZ81assnJWhq2IxKEVipwddKlXLTubbz/IObyKOm5cWS9jQCpuwQey2PpzroWSiy7QLGV8XCGWY5b8U8fsmWA==}
    cpu: [x64]
    os: [darwin]
    requiresBuild: true
    dev: true
    optional: true

  /esbuild-darwin-arm64/0.14.12:
    resolution: {integrity: sha512-jj27iSbDS4KlftN1PHHNiTrtXPQIk11J/qpQiQLwKJpeEMNeJUBfQlS7X7dXgFFMxV0rNtcRl8AimEFl+qEMRQ==}
    cpu: [arm64]
    os: [darwin]
    requiresBuild: true
    dev: true
    optional: true

  /esbuild-freebsd-64/0.14.12:
    resolution: {integrity: sha512-RnTty09bA8Ts/eWnrJsYiE2dFM6ZseKYQ/7QCM5QYphU6GbifooO9oGjc/UE3Sg8R58yZVO15vnIV0i+kTgDOw==}
    cpu: [x64]
    os: [freebsd]
    requiresBuild: true
    dev: true
    optional: true

  /esbuild-freebsd-arm64/0.14.12:
    resolution: {integrity: sha512-AvAQoEgsHE53hucgoVWdHnXJBl0r9W/7eUCaBvpcgYu3W/EbPZ26VnZwfSXLpk0Pf3t7o6SRwrU+KDTKPscDTw==}
    cpu: [arm64]
    os: [freebsd]
    requiresBuild: true
    dev: true
    optional: true

  /esbuild-linux-32/0.14.12:
    resolution: {integrity: sha512-na4I5i2c9ACPuglfYmrnJ6qGQnFJb59dFjyFk5OHTCtoKCq3lXbGHrvYa+3sYlOrRax1kYuRDRGse7YsDLbr3Q==}
    cpu: [ia32]
    os: [linux]
    requiresBuild: true
    dev: true
    optional: true

  /esbuild-linux-64/0.14.12:
    resolution: {integrity: sha512-ObPoYGakJLx/RldQsFQiwsQ7N9YbQ4LLazHtpKx34bjqFjhqO5JiHPVAJYCmAtci3cJMsZ5DtEFXvijytTBz1g==}
    cpu: [x64]
    os: [linux]
    requiresBuild: true
    dev: true
    optional: true

  /esbuild-linux-arm/0.14.12:
    resolution: {integrity: sha512-tD4q/zVUeYkThGehYAJQElo80+ysxvq5vpd2QvykDp4hvIidEUJu2hf+NzG5OuMJSQJmAeAWPrkFOXN+6di9cA==}
    cpu: [arm]
    os: [linux]
    requiresBuild: true
    dev: true
    optional: true

  /esbuild-linux-arm64/0.14.12:
    resolution: {integrity: sha512-i1/ikCl9gG9yx6QuI+8yJMk9XHUu8ekIQOo6cex2pDqXY5KVHSXDTAT4FDWOd5YXQ1QTjneBAQHcKGft4pd6PQ==}
    cpu: [arm64]
    os: [linux]
    requiresBuild: true
    dev: true
    optional: true

  /esbuild-linux-mips64le/0.14.12:
    resolution: {integrity: sha512-+/a6/tiKUCENep8ryUR75Jba4znG51Sb75OzKT6phZFEkB7fao4+GZD39Zxx3EaaA5OC10MsJPjJMFrn0dMusg==}
    cpu: [mips64el]
    os: [linux]
    requiresBuild: true
    dev: true
    optional: true

  /esbuild-linux-ppc64le/0.14.12:
    resolution: {integrity: sha512-SD7e2VLza/cEU2qKuD18Ibt1V0h3TUuerC1Mp3jRJ4RRGXWAyUt4gUpqKSiB7R0rHe6LWECdLbeVFAuGEntCeA==}
    cpu: [ppc64]
    os: [linux]
    requiresBuild: true
    dev: true
    optional: true

  /esbuild-linux-s390x/0.14.12:
    resolution: {integrity: sha512-KZmjYgAvYUpPBG0v6xv8qCngbfcRKC2AdYx3H3j3VqJfICgjt5XYsyG7ntWdc8Rdw9jZxr9sni6othy2Rp/T+A==}
    cpu: [s390x]
    os: [linux]
    requiresBuild: true
    dev: true
    optional: true

  /esbuild-netbsd-64/0.14.12:
    resolution: {integrity: sha512-dG+hbCIJC65fHqzkTEYbrPSYG3m8pEaI9A1VDtqHfV13Oiw9/tua1odd47iwoWvTyurErb49wanHsIAKb8/2oQ==}
    cpu: [x64]
    os: [netbsd]
    requiresBuild: true
    dev: true
    optional: true

  /esbuild-openbsd-64/0.14.12:
    resolution: {integrity: sha512-W3SwxnMjJR3HtBD0aij5WPd0ow2bRB5BsW6FjhN7FgwDBQ+jgniFs1dq54HOkjQ2qBJrt8JvPDFAxacWjdD6Jw==}
    cpu: [x64]
    os: [openbsd]
    requiresBuild: true
    dev: true
    optional: true

  /esbuild-sunos-64/0.14.12:
    resolution: {integrity: sha512-jU/IcTFwvUtt21wOmqKJrevyHQ5XRfiCdFbPie4wsYr8VFcPZZsz18A9lcoI8gZdrF/8pBdD0V+L2UuUY0KsGg==}
    cpu: [x64]
    os: [sunos]
    requiresBuild: true
    dev: true
    optional: true

  /esbuild-windows-32/0.14.12:
    resolution: {integrity: sha512-6luae9cmTB0rSPMCQFWMgf0SLNZ9hxusoS0poVEUHJf3n8bW6wgdyLE2xfYcEcXPMsjAt2e71/etkpqlFxeuYg==}
    cpu: [ia32]
    os: [win32]
    requiresBuild: true
    dev: true
    optional: true

  /esbuild-windows-64/0.14.12:
    resolution: {integrity: sha512-CdCXvME/7s0uMt+4rYd8d5roHJJ5k2VDOzWaOMWExjroet+nSSZngfLpxI5St+28lXLeBorUxeBS+p1qcfEDfw==}
    cpu: [x64]
    os: [win32]
    requiresBuild: true
    dev: true
    optional: true

  /esbuild-windows-arm64/0.14.12:
    resolution: {integrity: sha512-vNuLQh/MpYDepK0GNpEWHy0Kn7Jf3Shz/Xetf8hUIc31jgCR1qbLVLDf3ckQdanD2U430YZupOGtEZKRwno79w==}
    cpu: [arm64]
    os: [win32]
    requiresBuild: true
    dev: true
    optional: true

  /esbuild/0.14.12:
    resolution: {integrity: sha512-o1vQkG+eSDLkWDqWfR8v6eI+byGAUkbRs30eAJcJxUFp3dwMGWR0tAjtam1Bb1RSS2j+4kAUFiuJTnW3J4CYcw==}
    hasBin: true
    requiresBuild: true
    optionalDependencies:
      esbuild-android-arm64: 0.14.12
      esbuild-darwin-64: 0.14.12
      esbuild-darwin-arm64: 0.14.12
      esbuild-freebsd-64: 0.14.12
      esbuild-freebsd-arm64: 0.14.12
      esbuild-linux-32: 0.14.12
      esbuild-linux-64: 0.14.12
      esbuild-linux-arm: 0.14.12
      esbuild-linux-arm64: 0.14.12
      esbuild-linux-mips64le: 0.14.12
      esbuild-linux-ppc64le: 0.14.12
      esbuild-linux-s390x: 0.14.12
      esbuild-netbsd-64: 0.14.12
      esbuild-openbsd-64: 0.14.12
      esbuild-sunos-64: 0.14.12
      esbuild-windows-32: 0.14.12
      esbuild-windows-64: 0.14.12
      esbuild-windows-arm64: 0.14.12
    dev: true

  /fs.realpath/1.0.0:
    resolution: {integrity: sha1-FQStJSMVjKpA20onh8sBQRmU6k8=}
    dev: true

  /glob/7.2.0:
    resolution: {integrity: sha512-lmLf6gtyrPq8tTjSmrO94wBeQbFR3HbLHbuyD69wuyQkImp2hWqMGB47OX65FBkPffO641IP9jWa1z4ivqG26Q==}
    dependencies:
      fs.realpath: 1.0.0
      inflight: 1.0.6
      inherits: 2.0.4
      minimatch: 3.0.4
      once: 1.4.0
      path-is-absolute: 1.0.1
    dev: true

  /inflight/1.0.6:
    resolution: {integrity: sha1-Sb1jMdfQLQwJvJEKEHW6gWW1bfk=}
    dependencies:
      once: 1.4.0
      wrappy: 1.0.2
    dev: true

  /inherits/2.0.4:
    resolution: {integrity: sha512-k/vGaX4/Yla3WzyMCvTQOXYeIHvqOKtnqBduzTHpzpQZzAskKMhZ2K+EnBiSM9zGSoIFeMpXKxa4dYeZIQqewQ==}
    dev: true

  /minimatch/3.0.4:
    resolution: {integrity: sha512-yJHVQEhyqPLUTgt9B83PXu6W3rx4MvvHvSUvToogpwoGDOUQ+yDrR0HRot+yOCdCO7u4hX3pWft6kWBBcqh0UA==}
    dependencies:
      brace-expansion: 1.1.11
    dev: true

  /moo/0.5.1:
    resolution: {integrity: sha512-I1mnb5xn4fO80BH9BLcF0yLypy2UKl+Cb01Fu0hJRkJjlCRtxZMWkTdAtDd5ZqCOxtCkhmRwyI57vWT+1iZ67w==}
    dev: true

  /nearley/2.20.1:
    resolution: {integrity: sha512-+Mc8UaAebFzgV+KpI5n7DasuuQCHA89dmwm7JXw3TV43ukfNQ9DnBH3Mdb2g/I4Fdxc26pwimBWvjIw0UAILSQ==}
    hasBin: true
    dependencies:
      commander: 2.20.3
      moo: 0.5.1
      railroad-diagrams: 1.0.0
      randexp: 0.4.6
    dev: true

  /once/1.4.0:
    resolution: {integrity: sha1-WDsap3WWHUsROsF9nFC6753Xa9E=}
    dependencies:
      wrappy: 1.0.2
    dev: true

  /path-is-absolute/1.0.1:
    resolution: {integrity: sha1-F0uSaHNVNP+8es5r9TpanhtcX18=}
    engines: {node: '>=0.10.0'}
    dev: true

  /railroad-diagrams/1.0.0:
    resolution: {integrity: sha1-635iZ1SN3t+4mcG5Dlc3RVnN234=}
    dev: true

  /randexp/0.4.6:
    resolution: {integrity: sha512-80WNmd9DA0tmZrw9qQa62GPPWfuXJknrmVmLcxvq4uZBdYqb1wYoKTmnlGUchvVWe0XiLupYkBoXVOxz3C8DYQ==}
    engines: {node: '>=0.12'}
    dependencies:
      discontinuous-range: 1.0.0
      ret: 0.1.15
    dev: true

  /ret/0.1.15:
    resolution: {integrity: sha512-TTlYpa+OL+vMMNG24xSlQGEJ3B/RzEfUlLct7b5G/ytav+wPrplCpVMFuwzXbkecJrb6IYo1iFb0S9v37754mg==}
    engines: {node: '>=0.12'}
    dev: true

  /rimraf/3.0.2:
    resolution: {integrity: sha512-JZkJMZkAGFFPP2YqXZXPbMlMBgsxzE8ILs4lMIX/2o0L9UBw9O/Y3o6wFw/i9YLapcUJWwqbi3kdxIPdC62TIA==}
    hasBin: true
    dependencies:
      glob: 7.2.0
    dev: true

  /typescript/4.5.5:
    resolution: {integrity: sha512-TCTIul70LyWe6IJWT8QSYeA54WQe8EjQFU4wY52Fasj5UKx88LNYKCgBEHcOMOrFF1rKGbD8v/xcNWVUq9SymA==}
    engines: {node: '>=4.2.0'}
    hasBin: true
    dev: true

  /wrappy/1.0.2:
    resolution: {integrity: sha1-tSQ9jz7BqjXxNkYFvA0QNuMKtp8=}
    dev: true
